{
  "name": "surround-buy-service",
  "version": "1.0.0",
  "lockfileVersion": 3,
  "requires": true,
  "packages": {
    "": {
      "name": "surround-buy-service",
      "version": "1.0.0",
      "dependencies": {
        "@kerembay9/horizon-pay": "^1.0.0"
      }
    },
    "node_modules/@kerembay9/horizon-pay": {
      "version": "1.0.11",
      "resolved": "https://registry.npmjs.org/@kerembay9/horizon-pay/-/horizon-pay-1.0.11.tgz",
      "integrity": "sha512-PwVDhvarNNmGe4is7SPkNzh4q0ytnjAQDxEM5ezFQI+xBwnj8rdDL4mqPEBe82cdlKz5owDy7sGHpolpGVDpXQ==",
      "engines": {
        "node": ">=18"
      }
    }
  }
}
